// !$*UTF8*$!
{
	archiveVersion = 1;
	classes = {
	};
	objectVersion = 46;
	objects = {

/* Begin PBXBuildFile section */
		5056FD8D3F59B8993945F59E /* main.cpp in Sources */ = {isa = PBXBuildFile; fileRef = 5056F8A1AEF012323A013AD7 /* main.cpp */; };
/* End PBXBuildFile section */

/* Begin PBXCopyFilesBuildPhase section */
		5056FB9A8D600E22A99545CD /* CopyFiles */ = {
			isa = PBXCopyFilesBuildPhase;
			buildActionMask = 2147483647;
			dstPath = /usr/share/man/man1/;
			dstSubfolderSpec = 0;
			files = (
			);
			runOnlyForDeploymentPostprocessing = 1;
		};
/* End PBXCopyFilesBuildPhase section */

/* Begin PBXFileReference section */
		5056F22DF0B0A430F3DBBB7E /* C___HW_Thing_1___Functions.1 */ = {isa = PBXFileReference; lastKnownFileType = text.man; path = "C___HW_Thing_1___Functions.1"; sourceTree = "<group>"; };
		5056F7410148D9E6F35134A0 /* C++ HW Thing 1 - Functions */ = {isa = PBXFileReference; explicitFileType = "compiled.mach-o.executable"; includeInIndex = 0; path = "C++ HW Thing 1 - Functions"; sourceTree = BUILT_PRODUCTS_DIR; };
		5056F8A1AEF012323A013AD7 /* main.cpp */ = {isa = PBXFileReference; lastKnownFileType = sourcecode.cpp.cpp; path = main.cpp; sourceTree = "<group>"; };
/* End PBXFileReference section */

/* Begin PBXFrameworksBuildPhase section */
		5056F788DA3BB504A89C111C /* Frameworks */ = {
			isa = PBXFrameworksBuildPhase;
			buildActionMask = 2147483647;
			files = (
			);
			runOnlyForDeploymentPostprocessing = 0;
		};
/* End PBXFrameworksBuildPhase section */

/* Begin PBXGroup section */
		5056F0B0EF0B79F94A9844B3 = {
			isa = PBXGroup;
			children = (
				5056FF23FE90A444866C16D5 /* Products */,
				5056FF52736A1341E4AFC732 /* C++ HW Thing 1 - Functions */,
			);
			sourceTree = "<group>";
		};
		5056FF23FE90A444866C16D5 /* Products */ = {
			isa = PBXGroup;
			children = (
				5056F7410148D9E6F35134A0 /* C++ HW Thing 1 - Functions */,
			);
			name = Products;
			sourceTree = "<group>";
		};
		5056FF52736A1341E4AFC732 /* C++ HW Thing 1 - Functions */ = {
			isa = PBXGroup;
			children = (
				5056F8A1AEF012323A013AD7 /* main.cpp */,
				5056F22DF0B0A430F3DBBB7E /* C___HW_Thing_1___Functions.1 */,
			);
			path = "C++ HW Thing 1 - Functions";
			sourceTree = "<group>";
		};
/* End PBXGroup section */

/* Begin PBXNativeTarget section */
		5056F35872A40F082F5C220C /* C++ HW Thing 1 - Functions */ = {
			isa = PBXNativeTarget;
			buildConfigurationList = 5056FEA4C4AB2F1E499AF140 /* Build configuration list for PBXNativeTarget "C++ HW Thing 1 - Functions" */;
			buildPhases = (
				5056FBD37CD9E4C613646427 /* Sources */,
				5056F788DA3BB504A89C111C /* Frameworks */,
				5056FB9A8D600E22A99545CD /* CopyFiles */,
			);
			buildRules = (
			);
			dependencies = (
			);
			name = "C++ HW Thing 1 - Functions";
			productName = "C++ HW Thing 1 - Functions";
			productReference = 5056F7410148D9E6F35134A0 /* C++ HW Thing 1 - Functions */;
			productType = "com.apple.product-type.tool";
		};
/* End PBXNativeTarget section */

/* Begin PBXProject section */
		5056F2E77246BF784AD3BFD9 /* Project object */ = {
			isa = PBXProject;
			attributes = {
				ORGANIZATIONNAME = "William Holt";
			};
			buildConfigurationList = 5056F6EECE2AAD1D3A05D438 /* Build configuration list for PBXProject "C++ HW Thing 1 - Functions" */;
			compatibilityVersion = "Xcode 3.2";
			developmentRegion = English;
			hasScannedForEncodings = 0;
			knownRegions = (
				en,
			);
			mainGroup = 5056F0B0EF0B79F94A9844B3;
			productRefGroup = 5056FF23FE90A444866C16D5 /* Products */;
			projectDirPath = "";
			projectRoot = "";
			targets = (
				5056F35872A40F082F5C220C /* C++ HW Thing 1 - Functions */,
			);
		};
/* End PBXProject section */

/* Begin PBXSourcesBuildPhase section */
		5056FBD37CD9E4C613646427 /* Sources */ = {
			isa = PBXSourcesBuildPhase;
			buildActionMask = 2147483647;
			files = (
				5056FD8D3F59B8993945F59E /* main.cpp in Sources */,
			);
			runOnlyForDeploymentPostprocessing = 0;
		};
/* End PBXSourcesBuildPhase section */

/* Begin XCBuildConfiguration section */
		5056F6AF5193581A61D5C6E8 /* Release */ = {
			isa = XCBuildConfiguration;
			buildSettings = {
				PRODUCT_NAME = "$(TARGET_NAME)";
			};
			name = Release;
		};
		5056FB6B1EA61EE455082CF7 /* Release */ = {
			isa = XCBuildConfiguration;
			buildSettings = {
				ALWAYS_SEARCH_USER_PATHS = NO;
				CLANG_CXX_LANGUAGE_STANDARD = "gnu++0x";
				CLANG_CXX_LIBRARY = "libc++";
				CLANG_ENABLE_MODULES = YES;
				CLANG_ENABLE_OBJC_ARC = YES;
				CLANG_WARN_BOOL_CONVERSION = YES;
				CLANG_WARN_CONSTANT_CONVERSION = YES;
				CLANG_WARN_DIRECT_OBJC_ISA_USAGE = YES_ERROR;
				CLANG_WARN_EMPTY_BODY = YES;
				CLANG_WARN_ENUM_CONVERSION = YES;
				CLANG_WARN_INT_CONVERSION = YES;
				CLANG_WARN_OBJC_ROOT_CLASS = YES_ERROR;
				CLANG_WARN__DUPLICATE_METHOD_MATCH = YES;
				COPY_PHASE_STRIP = YES;
				DEBUG_INFORMATION_FORMAT = "dwarf-with-dsym";
				ENABLE_NS_ASSERTIONS = NO;
				GCC_C_LANGUAGE_STANDARD = gnu99;
				GCC_ENABLE_OBJC_EXCEPTIONS = YES;
				GCC_WARN_64_TO_32_BIT_CONVERSION = YES;
				GCC_WARN_ABOUT_RETURN_TYPE = YES_ERROR;
				GCC_WARN_UNDECLARED_SELECTOR = YES;
				GCC_WARN_UNINITIALIZED_AUTOS = YES;
				GCC_WARN_UNUSED_FUNCTION = YES;
				GCC_WARN_UNUSED_VARIABLE = YES;
				MACOSX_DEPLOYMENT_TARGET = 10.9;
				SDKROOT = macosx;
			};
			name = Release;
		};
		5056FD491FBD0F0CEB6ACBF1 /* Debug */ = {
			isa = XCBuildConfiguration;
			buildSettings = {
				PRODUCT_NAME = "$(TARGET_NAME)";
			};
			name = Debug;
		};
		5056FDDBB6EB7B567BFECD74 /* Debug */ = {
			isa = XCBuildConfiguration;
			buildSettings = {
				ALWAYS_SEARCH_USER_PATHS = NO;
				CLANG_CXX_LANGUAGE_STANDARD = "gnu++0x";
				CLANG_CXX_LIBRARY = "libc++";
				CLANG_ENABLE_MODULES = YES;
				CLANG_ENABLE_OBJC_ARC = YES;
				CLANG_WARN_BOOL_CONVERSION = YES;
				CLANG_WARN_CONSTANT_CONVERSION = YES;
				CLANG_WARN_DIRECT_OBJC_ISA_USAGE = YES_ERROR;
				CLANG_WARN_EMPTY_BODY = YES;
				CLANG_WARN_ENUM_CONVERSION = YES;
				CLANG_WARN_INT_CONVERSION = YES;
				CLANG_WARN_OBJC_ROOT_CLASS = YES_ERROR;
				CLANG_WARN__DUPLICATE_METHOD_MATCH = YES;
				COPY_PHASE_STRIP = NO;
				GCC_C_LANGUAGE_STANDARD = gnu99;
				GCC_DYNAMIC_NO_PIC = NO;
				GCC_ENABLE_OBJC_EXCEPTIONS = YES;
				GCC_OPTIMIZATION_LEVEL = 0;
				GCC_PREPROCESSOR_DEFINITIONS = (
					"DEBUG=1",
					"$(inherited)",
				);
				GCC_SYMBOLS_PRIVATE_EXTERN = NO;
				GCC_WARN_64_TO_32_BIT_CONVERSION = YES;
				GCC_WARN_ABOUT_RETURN_TYPE = YES_ERROR;
				GCC_WARN_UNDECLARED_SELECTOR = YES;
				GCC_WARN_UNINITIALIZED_AUTOS = YES;
				GCC_WARN_UNUSED_FUNCTION = YES;
				GCC_WARN_UNUSED_VARIABLE = YES;
				MACOSX_DEPLOYMENT_TARGET = 10.9;
				ONLY_ACTIVE_ARCH = YES;
				SDKROOT = macosx;
			};
			name = Debug;
		};
/* End XCBuildConfiguration section */

/* Begin XCConfigurationList section */
		5056F6EECE2AAD1D3A05D438 /* Build configuration list for PBXProject "C++ HW Thing 1 - Functions" */ = {
			isa = XCConfigurationList;
			buildConfigurations = (
				5056FB6B1EA61EE455082CF7 /* Release */,
				5056FDDBB6EB7B567BFECD74 /* Debug */,
			);
			defaultConfigurationIsVisible = 0;
			defaultConfigurationName = Release;
		};
		5056FEA4C4AB2F1E499AF140 /* Build configuration list for PBXNativeTarget "C++ HW Thing 1 - Functions" */ = {
			isa = XCConfigurationList;
			buildConfigurations = (
				5056F6AF5193581A61D5C6E8 /* Release */,
				5056FD491FBD0F0CEB6ACBF1 /* Debug */,
			);
			defaultConfigurationIsVisible = 0;
		};
/* End XCConfigurationList section */
	};
	rootObject = 5056F2E77246BF784AD3BFD9 /* Project object */;
}
